{
	"name": "multi-isochrone",
	"version": "0.2.0",
	"lockfileVersion": 2,
	"requires": true,
	"packages": {
		"": {
			"name": "multi-isochrone",
			"version": "0.2.0",
			"license": "GPL-3.0",
			"workspaces": [
				"packages/*"
			]
		},
		"node_modules/@multi-isochrone/core": {
			"resolved": "packages/core",
			"link": true
		},
		"node_modules/@multi-isochrone/gmaps": {
			"resolved": "packages/gmaps",
			"link": true
		},
		"node_modules/@multi-isochrone/tests": {
			"resolved": "packages/tests",
			"link": true
		},
		"node_modules/@types/google.maps": {
			"version": "3.52.3",
			"resolved": "https://registry.npmjs.org/@types/google.maps/-/google.maps-3.52.3.tgz",
			"integrity": "sha512-2bIhomvQF3+R/ahhhIsL95mPXEpvOY53wojcXAZSrFylYQuAT6owtmJRDGpSz3SL1PQAVDJ6MYLbH59cLDx7VQ=="
		},
		"node_modules/typescript": {
			"version": "4.9.5",
			"resolved": "https://registry.npmjs.org/typescript/-/typescript-4.9.5.tgz",
			"integrity": "sha512-1FXk9E2Hm+QzZQ7z+McJiHL4NW1F2EzMu9Nq9i3zAaGqibafqYwCVU6WyWAuyQRRzOlxou8xZSyXLEN8oKj24g==",
			"dev": true,
			"bin": {
				"tsc": "bin/tsc",
				"tsserver": "bin/tsserver"
			},
			"engines": {
				"node": ">=4.2.0"
			}
		},
		"packages/core": {
			"name": "@multi-isochrone/core",
			"version": "0.2.0",
			"devDependencies": {
				"typescript": "^4.5.4"
			}
		},
		"packages/gmaps": {
			"name": "@multi-isochrone/gmaps",
			"version": "0.2.0",
			"dependencies": {
				"@multi-isochrone/core": "^0.2.0",
				"@types/google.maps": "^3.52.0"
			},
			"devDependencies": {
				"typescript": "^4.5.4"
			}
		},
		"packages/tests": {
			"name": "@multi-isochrone/tests",
			"version": "0.2.0",
			"dependencies": {
				"@multi-isochrone/core": "^0.2.0",
				"@multi-isochrone/gmaps": "^0.2.0",
				"@types/google.maps": "^3.52.0"
			},
			"devDependencies": {
				"typescript": "^4.5.4"
			}
		}
	},
	"dependencies": {
		"@multi-isochrone/core": {
			"version": "file:packages/core",
			"requires": {
				"typescript": "^4.5.4"
			}
		},
		"@multi-isochrone/gmaps": {
			"version": "file:packages/gmaps",
			"requires": {
				"@multi-isochrone/core": "^0.2.0",
				"@types/google.maps": "^3.52.0",
				"typescript": "^4.5.4"
			}
		},
		"@multi-isochrone/tests": {
			"version": "file:packages/tests",
			"requires": {
				"@multi-isochrone/core": "^0.2.0",
				"@multi-isochrone/gmaps": "^0.2.0",
				"@types/google.maps": "^3.52.0",
				"typescript": "^4.5.4"
			}
		},
		"@types/google.maps": {
			"version": "3.52.3",
			"resolved": "https://registry.npmjs.org/@types/google.maps/-/google.maps-3.52.3.tgz",
			"integrity": "sha512-2bIhomvQF3+R/ahhhIsL95mPXEpvOY53wojcXAZSrFylYQuAT6owtmJRDGpSz3SL1PQAVDJ6MYLbH59cLDx7VQ=="
		},
		"typescript": {
			"version": "4.9.5",
			"resolved": "https://registry.npmjs.org/typescript/-/typescript-4.9.5.tgz",
			"integrity": "sha512-1FXk9E2Hm+QzZQ7z+McJiHL4NW1F2EzMu9Nq9i3zAaGqibafqYwCVU6WyWAuyQRRzOlxou8xZSyXLEN8oKj24g==",
			"dev": true
		}
	}
}
