{
  "requires": true,
  "lockfileVersion": 1,
  "dependencies": {
    "@types/google.maps": {
      "version": "3.51.1",
      "resolved": "https://registry.npmjs.org/@types/google.maps/-/google.maps-3.51.1.tgz",
      "integrity": "sha512-Wtl6PUL26jEbC1NBqJi7uoyYZo1/I3EDCd9pZk9EN6ZDvKaO28M5+nIQGyYomzvkMpMHnfywpTzalhwr76/oAg==",
      "dev": true
    }
  }
}
